
Microsoft Visual Studio Solution File, Format Version 12.00
# Visual Studio 15
Project("{FAE04EC0-301F-11D3-BF4B-00C04F79EFBC}") = "01_Task", "01_Task\01_Task.csproj", "{A2E74D51-50EC-433C-A667-3B304E802066}"
EndProject
Project("{FAE04EC0-301F-11D3-BF4B-00C04F79EFBC}") = "02_Task", "02_Task\02_Task.csproj", "{50460316-B01E-4CEB-9AC7-01B1C39CEA80}"
EndProject
Project("{FAE04EC0-301F-11D3-BF4B-00C04F79EFBC}") = "03_Task", "03_Task\03_Task.csproj", "{99AAAAF7-9B9C-4D00-8EBB-8233ED5BB554}"
EndProject
Project("{FAE04EC0-301F-11D3-BF4B-00C04F79EFBC}") = "04_Task", "04_Task\04_Task.csproj", "{4112B4D7-0924-4BCD-B006-5AED8D92479E}"
EndProject
Project("{FAE04EC0-301F-11D3-BF4B-00C04F79EFBC}") = "05_Task", "05_Task\05_Task.csproj", "{2091A204-30A4-4CC1-9BE5-BB4622ABE86C}"
EndProject
Project("{FAE04EC0-301F-11D3-BF4B-00C04F79EFBC}") = "06_Task", "06_Task\06_Task.csproj", "{926BC5B5-89EC-4B33-B307-4FCD3F6BBD75}"
EndProject
Project("{FAE04EC0-301F-11D3-BF4B-00C04F79EFBC}") = "07_Task", "07_Task\07_Task.csproj", "{D9B9DDA4-EE7B-4BDD-AB75-77D7E68933A0}"
EndProject
Project("{FAE04EC0-301F-11D3-BF4B-00C04F79EFBC}") = "08_Task", "08_Task\08_Task.csproj", "{973DB5C9-DA29-41B0-92BD-B58917B2974E}"
EndProject
Project("{FAE04EC0-301F-11D3-BF4B-00C04F79EFBC}") = "09_Task", "09_Task\09_Task.csproj", "{18D0D8AA-A224-4102-AB72-3AADD1721B78}"
EndProject
Project("{FAE04EC0-301F-11D3-BF4B-00C04F79EFBC}") = "10_Task", "10_Task\10_Task.csproj", "{4F384713-3ACE-4E09-AB33-BF4240F15979}"
EndProject
Project("{FAE04EC0-301F-11D3-BF4B-00C04F79EFBC}") = "11_Task", "11_Task\11_Task.csproj", "{37C6867E-06FA-4993-8B4D-4655DC35D41D}"
EndProject
Project("{FAE04EC0-301F-11D3-BF4B-00C04F79EFBC}") = "12_Task", "12_Task\12_Task.csproj", "{27D134B2-A986-40DE-811F-69DAD138DD73}"
EndProject
Project("{FAE04EC0-301F-11D3-BF4B-00C04F79EFBC}") = "13_Task", "13_Task\13_Task.csproj", "{16FB4BEC-C70F-4AE0-84E6-4F1540E475E3}"
EndProject
Global
	GlobalSection(SolutionConfigurationPlatforms) = preSolution
		Debug|Any CPU = Debug|Any CPU
		Release|Any CPU = Release|Any CPU
	EndGlobalSection
	GlobalSection(ProjectConfigurationPlatforms) = postSolution
		{A2E74D51-50EC-433C-A667-3B304E802066}.Debug|Any CPU.ActiveCfg = Debug|Any CPU
		{A2E74D51-50EC-433C-A667-3B304E802066}.Debug|Any CPU.Build.0 = Debug|Any CPU
		{A2E74D51-50EC-433C-A667-3B304E802066}.Release|Any CPU.ActiveCfg = Release|Any CPU
		{A2E74D51-50EC-433C-A667-3B304E802066}.Release|Any CPU.Build.0 = Release|Any CPU
		{50460316-B01E-4CEB-9AC7-01B1C39CEA80}.Debug|Any CPU.ActiveCfg = Debug|Any CPU
		{50460316-B01E-4CEB-9AC7-01B1C39CEA80}.Debug|Any CPU.Build.0 = Debug|Any CPU
		{50460316-B01E-4CEB-9AC7-01B1C39CEA80}.Release|Any CPU.ActiveCfg = Release|Any CPU
		{50460316-B01E-4CEB-9AC7-01B1C39CEA80}.Release|Any CPU.Build.0 = Release|Any CPU
		{99AAAAF7-9B9C-4D00-8EBB-8233ED5BB554}.Debug|Any CPU.ActiveCfg = Debug|Any CPU
		{99AAAAF7-9B9C-4D00-8EBB-8233ED5BB554}.Debug|Any CPU.Build.0 = Debug|Any CPU
		{99AAAAF7-9B9C-4D00-8EBB-8233ED5BB554}.Release|Any CPU.ActiveCfg = Release|Any CPU
		{99AAAAF7-9B9C-4D00-8EBB-8233ED5BB554}.Release|Any CPU.Build.0 = Release|Any CPU
		{4112B4D7-0924-4BCD-B006-5AED8D92479E}.Debug|Any CPU.ActiveCfg = Debug|Any CPU
		{4112B4D7-0924-4BCD-B006-5AED8D92479E}.Debug|Any CPU.Build.0 = Debug|Any CPU
		{4112B4D7-0924-4BCD-B006-5AED8D92479E}.Release|Any CPU.ActiveCfg = Release|Any CPU
		{4112B4D7-0924-4BCD-B006-5AED8D92479E}.Release|Any CPU.Build.0 = Release|Any CPU
		{2091A204-30A4-4CC1-9BE5-BB4622ABE86C}.Debug|Any CPU.ActiveCfg = Debug|Any CPU
		{2091A204-30A4-4CC1-9BE5-BB4622ABE86C}.Debug|Any CPU.Build.0 = Debug|Any CPU
		{2091A204-30A4-4CC1-9BE5-BB4622ABE86C}.Release|Any CPU.ActiveCfg = Release|Any CPU
		{2091A204-30A4-4CC1-9BE5-BB4622ABE86C}.Release|Any CPU.Build.0 = Release|Any CPU
		{926BC5B5-89EC-4B33-B307-4FCD3F6BBD75}.Debug|Any CPU.ActiveCfg = Debug|Any CPU
		{926BC5B5-89EC-4B33-B307-4FCD3F6BBD75}.Debug|Any CPU.Build.0 = Debug|Any CPU
		{926BC5B5-89EC-4B33-B307-4FCD3F6BBD75}.Release|Any CPU.ActiveCfg = Release|Any CPU
		{926BC5B5-89EC-4B33-B307-4FCD3F6BBD75}.Release|Any CPU.Build.0 = Release|Any CPU
		{D9B9DDA4-EE7B-4BDD-AB75-77D7E68933A0}.Debug|Any CPU.ActiveCfg = Debug|Any CPU
		{D9B9DDA4-EE7B-4BDD-AB75-77D7E68933A0}.Debug|Any CPU.Build.0 = Debug|Any CPU
		{D9B9DDA4-EE7B-4BDD-AB75-77D7E68933A0}.Release|Any CPU.ActiveCfg = Release|Any CPU
		{D9B9DDA4-EE7B-4BDD-AB75-77D7E68933A0}.Release|Any CPU.Build.0 = Release|Any CPU
		{973DB5C9-DA29-41B0-92BD-B58917B2974E}.Debug|Any CPU.ActiveCfg = Debug|Any CPU
		{973DB5C9-DA29-41B0-92BD-B58917B2974E}.Debug|Any CPU.Build.0 = Debug|Any CPU
		{973DB5C9-DA29-41B0-92BD-B58917B2974E}.Release|Any CPU.ActiveCfg = Release|Any CPU
		{973DB5C9-DA29-41B0-92BD-B58917B2974E}.Release|Any CPU.Build.0 = Release|Any CPU
		{18D0D8AA-A224-4102-AB72-3AADD1721B78}.Debug|Any CPU.ActiveCfg = Debug|Any CPU
		{18D0D8AA-A224-4102-AB72-3AADD1721B78}.Debug|Any CPU.Build.0 = Debug|Any CPU
		{18D0D8AA-A224-4102-AB72-3AADD1721B78}.Release|Any CPU.ActiveCfg = Release|Any CPU
		{18D0D8AA-A224-4102-AB72-3AADD1721B78}.Release|Any CPU.Build.0 = Release|Any CPU
		{4F384713-3ACE-4E09-AB33-BF4240F15979}.Debug|Any CPU.ActiveCfg = Debug|Any CPU
		{4F384713-3ACE-4E09-AB33-BF4240F15979}.Debug|Any CPU.Build.0 = Debug|Any CPU
		{4F384713-3ACE-4E09-AB33-BF4240F15979}.Release|Any CPU.ActiveCfg = Release|Any CPU
		{4F384713-3ACE-4E09-AB33-BF4240F15979}.Release|Any CPU.Build.0 = Release|Any CPU
		{37C6867E-06FA-4993-8B4D-4655DC35D41D}.Debug|Any CPU.ActiveCfg = Debug|Any CPU
		{37C6867E-06FA-4993-8B4D-4655DC35D41D}.Debug|Any CPU.Build.0 = Debug|Any CPU
		{37C6867E-06FA-4993-8B4D-4655DC35D41D}.Release|Any CPU.ActiveCfg = Release|Any CPU
		{37C6867E-06FA-4993-8B4D-4655DC35D41D}.Release|Any CPU.Build.0 = Release|Any CPU
		{27D134B2-A986-40DE-811F-69DAD138DD73}.Debug|Any CPU.ActiveCfg = Debug|Any CPU
		{27D134B2-A986-40DE-811F-69DAD138DD73}.Debug|Any CPU.Build.0 = Debug|Any CPU
		{27D134B2-A986-40DE-811F-69DAD138DD73}.Release|Any CPU.ActiveCfg = Release|Any CPU
		{27D134B2-A986-40DE-811F-69DAD138DD73}.Release|Any CPU.Build.0 = Release|Any CPU
		{16FB4BEC-C70F-4AE0-84E6-4F1540E475E3}.Debug|Any CPU.ActiveCfg = Debug|Any CPU
		{16FB4BEC-C70F-4AE0-84E6-4F1540E475E3}.Debug|Any CPU.Build.0 = Debug|Any CPU
		{16FB4BEC-C70F-4AE0-84E6-4F1540E475E3}.Release|Any CPU.ActiveCfg = Release|Any CPU
		{16FB4BEC-C70F-4AE0-84E6-4F1540E475E3}.Release|Any CPU.Build.0 = Release|Any CPU
	EndGlobalSection
EndGlobal
